// !$*UTF8*$!
{
	archiveVersion = 1;
	classes = {
	};
	objectVersion = 46;
	objects = {

/* Begin PBXBuildFile section */
		286A30349506A53309A4F12E /* Pods_PurchaseNoteTests.framework in Frameworks */ = {isa = PBXBuildFile; fileRef = 36616B20A1A949B8F2674301 /* Pods_PurchaseNoteTests.framework */; };
		2C3B7CFF0803DA97FBDA24BE /* Pods_PurchaseNote.framework in Frameworks */ = {isa = PBXBuildFile; fileRef = 19B6484A9B3AE9BC5BDD9EF0 /* Pods_PurchaseNote.framework */; };
		7E33FD7C1EACBCDC0021A48C /* GoogleService-Info.plist in Resources */ = {isa = PBXBuildFile; fileRef = 7E33FD7B1EACBCDC0021A48C /* GoogleService-Info.plist */; };
		7E33FD7E1EACC21F0021A48C /* Registration.swift in Sources */ = {isa = PBXBuildFile; fileRef = 7E33FD7D1EACC21F0021A48C /* Registration.swift */; };
		B01123004721647530544610 /* Pods_PurchaseNoteUITests.framework in Frameworks */ = {isa = PBXBuildFile; fileRef = 8977D3DCFF9B4B8D83DD0248 /* Pods_PurchaseNoteUITests.framework */; };
		D73690671EA5DF29007C2127 /* AppDelegate.swift in Sources */ = {isa = PBXBuildFile; fileRef = D73690661EA5DF29007C2127 /* AppDelegate.swift */; };
		D73690691EA5DF29007C2127 /* ViewController.swift in Sources */ = {isa = PBXBuildFile; fileRef = D73690681EA5DF29007C2127 /* ViewController.swift */; };
		D736906C1EA5DF29007C2127 /* Main.storyboard in Resources */ = {isa = PBXBuildFile; fileRef = D736906A1EA5DF29007C2127 /* Main.storyboard */; };
		D736906F1EA5DF29007C2127 /* PurchaseNote.xcdatamodeld in Sources */ = {isa = PBXBuildFile; fileRef = D736906D1EA5DF29007C2127 /* PurchaseNote.xcdatamodeld */; };
		D73690711EA5DF29007C2127 /* Assets.xcassets in Resources */ = {isa = PBXBuildFile; fileRef = D73690701EA5DF29007C2127 /* Assets.xcassets */; };
		D73690741EA5DF29007C2127 /* LaunchScreen.storyboard in Resources */ = {isa = PBXBuildFile; fileRef = D73690721EA5DF29007C2127 /* LaunchScreen.storyboard */; };
		D736907F1EA5DF29007C2127 /* PurchaseNoteTests.swift in Sources */ = {isa = PBXBuildFile; fileRef = D736907E1EA5DF29007C2127 /* PurchaseNoteTests.swift */; };
		D736908A1EA5DF29007C2127 /* PurchaseNoteUITests.swift in Sources */ = {isa = PBXBuildFile; fileRef = D73690891EA5DF29007C2127 /* PurchaseNoteUITests.swift */; };
/* End PBXBuildFile section */

/* Begin PBXContainerItemProxy section */
		D736907B1EA5DF29007C2127 /* PBXContainerItemProxy */ = {
			isa = PBXContainerItemProxy;
			containerPortal = D736905B1EA5DF29007C2127 /* Project object */;
			proxyType = 1;
			remoteGlobalIDString = D73690621EA5DF29007C2127;
			remoteInfo = PurchaseNote;
		};
		D73690861EA5DF29007C2127 /* PBXContainerItemProxy */ = {
			isa = PBXContainerItemProxy;
			containerPortal = D736905B1EA5DF29007C2127 /* Project object */;
			proxyType = 1;
			remoteGlobalIDString = D73690621EA5DF29007C2127;
			remoteInfo = PurchaseNote;
		};
/* End PBXContainerItemProxy section */

/* Begin PBXFileReference section */
		042846734B71C36D4E8D4C10 /* Pods-PurchaseNoteTests.debug.xcconfig */ = {isa = PBXFileReference; includeInIndex = 1; lastKnownFileType = text.xcconfig; name = "Pods-PurchaseNoteTests.debug.xcconfig"; path = "Pods/Target Support Files/Pods-PurchaseNoteTests/Pods-PurchaseNoteTests.debug.xcconfig"; sourceTree = "<group>"; };
		19B6484A9B3AE9BC5BDD9EF0 /* Pods_PurchaseNote.framework */ = {isa = PBXFileReference; explicitFileType = wrapper.framework; includeInIndex = 0; path = Pods_PurchaseNote.framework; sourceTree = BUILT_PRODUCTS_DIR; };
		36616B20A1A949B8F2674301 /* Pods_PurchaseNoteTests.framework */ = {isa = PBXFileReference; explicitFileType = wrapper.framework; includeInIndex = 0; path = Pods_PurchaseNoteTests.framework; sourceTree = BUILT_PRODUCTS_DIR; };
		3683196946DD354AA8E02C6B /* Pods-PurchaseNote.release.xcconfig */ = {isa = PBXFileReference; includeInIndex = 1; lastKnownFileType = text.xcconfig; name = "Pods-PurchaseNote.release.xcconfig"; path = "Pods/Target Support Files/Pods-PurchaseNote/Pods-PurchaseNote.release.xcconfig"; sourceTree = "<group>"; };
		5EFD292B0825FC71B8645F40 /* Pods-PurchaseNoteUITests.debug.xcconfig */ = {isa = PBXFileReference; includeInIndex = 1; lastKnownFileType = text.xcconfig; name = "Pods-PurchaseNoteUITests.debug.xcconfig"; path = "Pods/Target Support Files/Pods-PurchaseNoteUITests/Pods-PurchaseNoteUITests.debug.xcconfig"; sourceTree = "<group>"; };
		6D6B43C3D38E74C896C191C9 /* Pods-PurchaseNoteUITests.release.xcconfig */ = {isa = PBXFileReference; includeInIndex = 1; lastKnownFileType = text.xcconfig; name = "Pods-PurchaseNoteUITests.release.xcconfig"; path = "Pods/Target Support Files/Pods-PurchaseNoteUITests/Pods-PurchaseNoteUITests.release.xcconfig"; sourceTree = "<group>"; };
		7BB91E781CDD57BDB5CD0A2D /* Pods-PurchaseNote.debug.xcconfig */ = {isa = PBXFileReference; includeInIndex = 1; lastKnownFileType = text.xcconfig; name = "Pods-PurchaseNote.debug.xcconfig"; path = "Pods/Target Support Files/Pods-PurchaseNote/Pods-PurchaseNote.debug.xcconfig"; sourceTree = "<group>"; };
		7E33FD7B1EACBCDC0021A48C /* GoogleService-Info.plist */ = {isa = PBXFileReference; fileEncoding = 4; lastKnownFileType = text.plist.xml; name = "GoogleService-Info.plist"; path = "../GoogleService-Info.plist"; sourceTree = "<group>"; };
		7E33FD7D1EACC21F0021A48C /* Registration.swift */ = {isa = PBXFileReference; fileEncoding = 4; lastKnownFileType = sourcecode.swift; path = Registration.swift; sourceTree = "<group>"; };
		8977D3DCFF9B4B8D83DD0248 /* Pods_PurchaseNoteUITests.framework */ = {isa = PBXFileReference; explicitFileType = wrapper.framework; includeInIndex = 0; path = Pods_PurchaseNoteUITests.framework; sourceTree = BUILT_PRODUCTS_DIR; };
		B341086C377FF01D51E650C9 /* Pods-PurchaseNoteTests.release.xcconfig */ = {isa = PBXFileReference; includeInIndex = 1; lastKnownFileType = text.xcconfig; name = "Pods-PurchaseNoteTests.release.xcconfig"; path = "Pods/Target Support Files/Pods-PurchaseNoteTests/Pods-PurchaseNoteTests.release.xcconfig"; sourceTree = "<group>"; };
		D73690631EA5DF29007C2127 /* PurchaseNote.app */ = {isa = PBXFileReference; explicitFileType = wrapper.application; includeInIndex = 0; path = PurchaseNote.app; sourceTree = BUILT_PRODUCTS_DIR; };
		D73690661EA5DF29007C2127 /* AppDelegate.swift */ = {isa = PBXFileReference; lastKnownFileType = sourcecode.swift; path = AppDelegate.swift; sourceTree = "<group>"; };
		D73690681EA5DF29007C2127 /* ViewController.swift */ = {isa = PBXFileReference; lastKnownFileType = sourcecode.swift; path = ViewController.swift; sourceTree = "<group>"; };
		D736906B1EA5DF29007C2127 /* Base */ = {isa = PBXFileReference; lastKnownFileType = file.storyboard; name = Base; path = Base.lproj/Main.storyboard; sourceTree = "<group>"; };
		D736906E1EA5DF29007C2127 /* PurchaseNote.xcdatamodel */ = {isa = PBXFileReference; lastKnownFileType = wrapper.xcdatamodel; path = PurchaseNote.xcdatamodel; sourceTree = "<group>"; };
		D73690701EA5DF29007C2127 /* Assets.xcassets */ = {isa = PBXFileReference; lastKnownFileType = folder.assetcatalog; path = Assets.xcassets; sourceTree = "<group>"; };
		D73690731EA5DF29007C2127 /* Base */ = {isa = PBXFileReference; lastKnownFileType = file.storyboard; name = Base; path = Base.lproj/LaunchScreen.storyboard; sourceTree = "<group>"; };
		D73690751EA5DF29007C2127 /* Info.plist */ = {isa = PBXFileReference; lastKnownFileType = text.plist.xml; path = Info.plist; sourceTree = "<group>"; };
		D736907A1EA5DF29007C2127 /* PurchaseNoteTests.xctest */ = {isa = PBXFileReference; explicitFileType = wrapper.cfbundle; includeInIndex = 0; path = PurchaseNoteTests.xctest; sourceTree = BUILT_PRODUCTS_DIR; };
		D736907E1EA5DF29007C2127 /* PurchaseNoteTests.swift */ = {isa = PBXFileReference; lastKnownFileType = sourcecode.swift; path = PurchaseNoteTests.swift; sourceTree = "<group>"; };
		D73690801EA5DF29007C2127 /* Info.plist */ = {isa = PBXFileReference; lastKnownFileType = text.plist.xml; path = Info.plist; sourceTree = "<group>"; };
		D73690851EA5DF29007C2127 /* PurchaseNoteUITests.xctest */ = {isa = PBXFileReference; explicitFileType = wrapper.cfbundle; includeInIndex = 0; path = PurchaseNoteUITests.xctest; sourceTree = BUILT_PRODUCTS_DIR; };
		D73690891EA5DF29007C2127 /* PurchaseNoteUITests.swift */ = {isa = PBXFileReference; lastKnownFileType = sourcecode.swift; path = PurchaseNoteUITests.swift; sourceTree = "<group>"; };
		D736908B1EA5DF29007C2127 /* Info.plist */ = {isa = PBXFileReference; lastKnownFileType = text.plist.xml; path = Info.plist; sourceTree = "<group>"; };
/* End PBXFileReference section */

/* Begin PBXFrameworksBuildPhase section */
		D73690601EA5DF29007C2127 /* Frameworks */ = {
			isa = PBXFrameworksBuildPhase;
			buildActionMask = 2147483647;
			files = (
				2C3B7CFF0803DA97FBDA24BE /* Pods_PurchaseNote.framework in Frameworks */,
			);
			runOnlyForDeploymentPostprocessing = 0;
		};
		D73690771EA5DF29007C2127 /* Frameworks */ = {
			isa = PBXFrameworksBuildPhase;
			buildActionMask = 2147483647;
			files = (
				286A30349506A53309A4F12E /* Pods_PurchaseNoteTests.framework in Frameworks */,
			);
			runOnlyForDeploymentPostprocessing = 0;
		};
		D73690821EA5DF29007C2127 /* Frameworks */ = {
			isa = PBXFrameworksBuildPhase;
			buildActionMask = 2147483647;
			files = (
				B01123004721647530544610 /* Pods_PurchaseNoteUITests.framework in Frameworks */,
			);
			runOnlyForDeploymentPostprocessing = 0;
		};
/* End PBXFrameworksBuildPhase section */

/* Begin PBXGroup section */
		8DBCCACCFDDA9B7617C8BED2 /* Pods */ = {
			isa = PBXGroup;
			children = (
				7BB91E781CDD57BDB5CD0A2D /* Pods-PurchaseNote.debug.xcconfig */,
				3683196946DD354AA8E02C6B /* Pods-PurchaseNote.release.xcconfig */,
				042846734B71C36D4E8D4C10 /* Pods-PurchaseNoteTests.debug.xcconfig */,
				B341086C377FF01D51E650C9 /* Pods-PurchaseNoteTests.release.xcconfig */,
				5EFD292B0825FC71B8645F40 /* Pods-PurchaseNoteUITests.debug.xcconfig */,
				6D6B43C3D38E74C896C191C9 /* Pods-PurchaseNoteUITests.release.xcconfig */,
			);
			name = Pods;
			sourceTree = "<group>";
		};
		D736905A1EA5DF29007C2127 = {
			isa = PBXGroup;
			children = (
				D73690651EA5DF29007C2127 /* PurchaseNote */,
				D736907D1EA5DF29007C2127 /* PurchaseNoteTests */,
				D73690881EA5DF29007C2127 /* PurchaseNoteUITests */,
				D73690641EA5DF29007C2127 /* Products */,
				8DBCCACCFDDA9B7617C8BED2 /* Pods */,
				E5018BCB0475EDF9F5D52B0D /* Frameworks */,
			);
			sourceTree = "<group>";
		};
		D73690641EA5DF29007C2127 /* Products */ = {
			isa = PBXGroup;
			children = (
				D73690631EA5DF29007C2127 /* PurchaseNote.app */,
				D736907A1EA5DF29007C2127 /* PurchaseNoteTests.xctest */,
				D73690851EA5DF29007C2127 /* PurchaseNoteUITests.xctest */,
			);
			name = Products;
			sourceTree = "<group>";
		};
		D73690651EA5DF29007C2127 /* PurchaseNote */ = {
			isa = PBXGroup;
			children = (
				7E33FD7B1EACBCDC0021A48C /* GoogleService-Info.plist */,
				D73690661EA5DF29007C2127 /* AppDelegate.swift */,
				D73690681EA5DF29007C2127 /* ViewController.swift */,
				D736906A1EA5DF29007C2127 /* Main.storyboard */,
				7E33FD7D1EACC21F0021A48C /* Registration.swift */,
				D73690701EA5DF29007C2127 /* Assets.xcassets */,
				D73690721EA5DF29007C2127 /* LaunchScreen.storyboard */,
				D73690751EA5DF29007C2127 /* Info.plist */,
				D736906D1EA5DF29007C2127 /* PurchaseNote.xcdatamodeld */,
			);
			path = PurchaseNote;
			sourceTree = "<group>";
		};
		D736907D1EA5DF29007C2127 /* PurchaseNoteTests */ = {
			isa = PBXGroup;
			children = (
				D736907E1EA5DF29007C2127 /* PurchaseNoteTests.swift */,
				D73690801EA5DF29007C2127 /* Info.plist */,
			);
			path = PurchaseNoteTests;
			sourceTree = "<group>";
		};
		D73690881EA5DF29007C2127 /* PurchaseNoteUITests */ = {
			isa = PBXGroup;
			children = (
				D73690891EA5DF29007C2127 /* PurchaseNoteUITests.swift */,
				D736908B1EA5DF29007C2127 /* Info.plist */,
			);
			path = PurchaseNoteUITests;
			sourceTree = "<group>";
		};
		E5018BCB0475EDF9F5D52B0D /* Frameworks */ = {
			isa = PBXGroup;
			children = (
				19B6484A9B3AE9BC5BDD9EF0 /* Pods_PurchaseNote.framework */,
				36616B20A1A949B8F2674301 /* Pods_PurchaseNoteTests.framework */,
				8977D3DCFF9B4B8D83DD0248 /* Pods_PurchaseNoteUITests.framework */,
			);
			name = Frameworks;
			sourceTree = "<group>";
		};
/* End PBXGroup section */

/* Begin PBXNativeTarget section */
		D73690621EA5DF29007C2127 /* PurchaseNote */ = {
			isa = PBXNativeTarget;
			buildConfigurationList = D736908E1EA5DF29007C2127 /* Build configuration list for PBXNativeTarget "PurchaseNote" */;
			buildPhases = (
				14C5B979846AF11E76A1559E /* [CP] Check Pods Manifest.lock */,
				D736905F1EA5DF29007C2127 /* Sources */,
				D73690601EA5DF29007C2127 /* Frameworks */,
				D73690611EA5DF29007C2127 /* Resources */,
				9B727271EED0B885E0E88EF6 /* [CP] Embed Pods Frameworks */,
				C8C1325446DDA3ADD3441AA5 /* [CP] Copy Pods Resources */,
			);
			buildRules = (
			);
			dependencies = (
			);
			name = PurchaseNote;
			productName = PurchaseNote;
			productReference = D73690631EA5DF29007C2127 /* PurchaseNote.app */;
			productType = "com.apple.product-type.application";
		};
		D73690791EA5DF29007C2127 /* PurchaseNoteTests */ = {
			isa = PBXNativeTarget;
			buildConfigurationList = D73690911EA5DF29007C2127 /* Build configuration list for PBXNativeTarget "PurchaseNoteTests" */;
			buildPhases = (
				AE8CBF3C90A570FD89E0AB62 /* [CP] Check Pods Manifest.lock */,
				D73690761EA5DF29007C2127 /* Sources */,
				D73690771EA5DF29007C2127 /* Frameworks */,
				D73690781EA5DF29007C2127 /* Resources */,
				539EF229EB38CE269F0C538E /* [CP] Embed Pods Frameworks */,
				A30C0A48D43A1B4AC7A2FE02 /* [CP] Copy Pods Resources */,
			);
			buildRules = (
			);
			dependencies = (
				D736907C1EA5DF29007C2127 /* PBXTargetDependency */,
			);
			name = PurchaseNoteTests;
			productName = PurchaseNoteTests;
			productReference = D736907A1EA5DF29007C2127 /* PurchaseNoteTests.xctest */;
			productType = "com.apple.product-type.bundle.unit-test";
		};
		D73690841EA5DF29007C2127 /* PurchaseNoteUITests */ = {
			isa = PBXNativeTarget;
			buildConfigurationList = D73690941EA5DF29007C2127 /* Build configuration list for PBXNativeTarget "PurchaseNoteUITests" */;
			buildPhases = (
				42F31933FEEA92CA3A78CCB3 /* [CP] Check Pods Manifest.lock */,
				D73690811EA5DF29007C2127 /* Sources */,
				D73690821EA5DF29007C2127 /* Frameworks */,
				D73690831EA5DF29007C2127 /* Resources */,
				97E5D59806105CE0A0197C61 /* [CP] Embed Pods Frameworks */,
				BF0E81F3D11CC468344B5B21 /* [CP] Copy Pods Resources */,
			);
			buildRules = (
			);
			dependencies = (
				D73690871EA5DF29007C2127 /* PBXTargetDependency */,
			);
			name = PurchaseNoteUITests;
			productName = PurchaseNoteUITests;
			productReference = D73690851EA5DF29007C2127 /* PurchaseNoteUITests.xctest */;
			productType = "com.apple.product-type.bundle.ui-testing";
		};
/* End PBXNativeTarget section */

/* Begin PBXProject section */
		D736905B1EA5DF29007C2127 /* Project object */ = {
			isa = PBXProject;
			attributes = {
				LastSwiftUpdateCheck = 0820;
				LastUpgradeCheck = 0820;
				ORGANIZATIONNAME = "Merlin Ahila";
				TargetAttributes = {
					D73690621EA5DF29007C2127 = {
						CreatedOnToolsVersion = 8.2.1;
						DevelopmentTeam = S36L8PTJAV;
						ProvisioningStyle = Automatic;
					};
					D73690791EA5DF29007C2127 = {
						CreatedOnToolsVersion = 8.2.1;
						DevelopmentTeam = S36L8PTJAV;
						ProvisioningStyle = Automatic;
						TestTargetID = D73690621EA5DF29007C2127;
					};
					D73690841EA5DF29007C2127 = {
						CreatedOnToolsVersion = 8.2.1;
						DevelopmentTeam = S36L8PTJAV;
						ProvisioningStyle = Automatic;
						TestTargetID = D73690621EA5DF29007C2127;
					};
				};
			};
			buildConfigurationList = D736905E1EA5DF29007C2127 /* Build configuration list for PBXProject "PurchaseNote" */;
			compatibilityVersion = "Xcode 3.2";
			developmentRegion = English;
			hasScannedForEncodings = 0;
			knownRegions = (
				en,
				Base,
			);
			mainGroup = D736905A1EA5DF29007C2127;
			productRefGroup = D73690641EA5DF29007C2127 /* Products */;
			projectDirPath = "";
			projectRoot = "";
			targets = (
				D73690621EA5DF29007C2127 /* PurchaseNote */,
				D73690791EA5DF29007C2127 /* PurchaseNoteTests */,
				D73690841EA5DF29007C2127 /* PurchaseNoteUITests */,
			);
		};
/* End PBXProject section */

/* Begin PBXResourcesBuildPhase section */
		D73690611EA5DF29007C2127 /* Resources */ = {
			isa = PBXResourcesBuildPhase;
			buildActionMask = 2147483647;
			files = (
				D73690741EA5DF29007C2127 /* LaunchScreen.storyboard in Resources */,
				7E33FD7C1EACBCDC0021A48C /* GoogleService-Info.plist in Resources */,
				D73690711EA5DF29007C2127 /* Assets.xcassets in Resources */,
				D736906C1EA5DF29007C2127 /* Main.storyboard in Resources */,
			);
			runOnlyForDeploymentPostprocessing = 0;
		};
		D73690781EA5DF29007C2127 /* Resources */ = {
			isa = PBXResourcesBuildPhase;
			buildActionMask = 2147483647;
			files = (
			);
			runOnlyForDeploymentPostprocessing = 0;
		};
		D73690831EA5DF29007C2127 /* Resources */ = {
			isa = PBXResourcesBuildPhase;
			buildActionMask = 2147483647;
			files = (
			);
			runOnlyForDeploymentPostprocessing = 0;
		};
/* End PBXResourcesBuildPhase section */

/* Begin PBXShellScriptBuildPhase section */
		14C5B979846AF11E76A1559E /* [CP] Check Pods Manifest.lock */ = {
			isa = PBXShellScriptBuildPhase;
			buildActionMask = 2147483647;
			files = (
			);
			inputPaths = (
			);
			name = "[CP] Check Pods Manifest.lock";
			outputPaths = (
			);
			runOnlyForDeploymentPostprocessing = 0;
			shellPath = /bin/sh;
			shellScript = "diff \"${PODS_ROOT}/../Podfile.lock\" \"${PODS_ROOT}/Manifest.lock\" > /dev/null\nif [ $? != 0 ] ; then\n    # print error to STDERR\n    echo \"error: The sandbox is not in sync with the Podfile.lock. Run 'pod install' or update your CocoaPods installation.\" >&2\n    exit 1\nfi\n";
			showEnvVarsInLog = 0;
		};
		42F31933FEEA92CA3A78CCB3 /* [CP] Check Pods Manifest.lock */ = {
			isa = PBXShellScriptBuildPhase;
			buildActionMask = 2147483647;
			files = (
			);
			inputPaths = (
			);
			name = "[CP] Check Pods Manifest.lock";
			outputPaths = (
			);
			runOnlyForDeploymentPostprocessing = 0;
			shellPath = /bin/sh;
			shellScript = "diff \"${PODS_ROOT}/../Podfile.lock\" \"${PODS_ROOT}/Manifest.lock\" > /dev/null\nif [ $? != 0 ] ; then\n    # print error to STDERR\n    echo \"error: The sandbox is not in sync with the Podfile.lock. Run 'pod install' or update your CocoaPods installation.\" >&2\n    exit 1\nfi\n";
			showEnvVarsInLog = 0;
		};
		539EF229EB38CE269F0C538E /* [CP] Embed Pods Frameworks */ = {
			isa = PBXShellScriptBuildPhase;
			buildActionMask = 2147483647;
			files = (
			);
			inputPaths = (
			);
			name = "[CP] Embed Pods Frameworks";
			outputPaths = (
			);
			runOnlyForDeploymentPostprocessing = 0;
			shellPath = /bin/sh;
			shellScript = "\"${SRCROOT}/Pods/Target Support Files/Pods-PurchaseNoteTests/Pods-PurchaseNoteTests-frameworks.sh\"\n";
			showEnvVarsInLog = 0;
		};
		97E5D59806105CE0A0197C61 /* [CP] Embed Pods Frameworks */ = {
			isa = PBXShellScriptBuildPhase;
			buildActionMask = 2147483647;
			files = (
			);
			inputPaths = (
			);
			name = "[CP] Embed Pods Frameworks";
			outputPaths = (
			);
			runOnlyForDeploymentPostprocessing = 0;
			shellPath = /bin/sh;
			shellScript = "\"${SRCROOT}/Pods/Target Support Files/Pods-PurchaseNoteUITests/Pods-PurchaseNoteUITests-frameworks.sh\"\n";
			showEnvVarsInLog = 0;
		};
		9B727271EED0B885E0E88EF6 /* [CP] Embed Pods Frameworks */ = {
			isa = PBXShellScriptBuildPhase;
			buildActionMask = 2147483647;
			files = (
			);
			inputPaths = (
			);
			name = "[CP] Embed Pods Frameworks";
			outputPaths = (
			);
			runOnlyForDeploymentPostprocessing = 0;
			shellPath = /bin/sh;
			shellScript = "\"${SRCROOT}/Pods/Target Support Files/Pods-PurchaseNote/Pods-PurchaseNote-frameworks.sh\"\n";
			showEnvVarsInLog = 0;
		};
		A30C0A48D43A1B4AC7A2FE02 /* [CP] Copy Pods Resources */ = {
			isa = PBXShellScriptBuildPhase;
			buildActionMask = 2147483647;
			files = (
			);
			inputPaths = (
			);
			name = "[CP] Copy Pods Resources";
			outputPaths = (
			);
			runOnlyForDeploymentPostprocessing = 0;
			shellPath = /bin/sh;
			shellScript = "\"${SRCROOT}/Pods/Target Support Files/Pods-PurchaseNoteTests/Pods-PurchaseNoteTests-resources.sh\"\n";
			showEnvVarsInLog = 0;
		};
		AE8CBF3C90A570FD89E0AB62 /* [CP] Check Pods Manifest.lock */ = {
			isa = PBXShellScriptBuildPhase;
			buildActionMask = 2147483647;
			files = (
			);
			inputPaths = (
			);
			name = "[CP] Check Pods Manifest.lock";
			outputPaths = (
			);
			runOnlyForDeploymentPostprocessing = 0;
			shellPath = /bin/sh;
			shellScript = "diff \"${PODS_ROOT}/../Podfile.lock\" \"${PODS_ROOT}/Manifest.lock\" > /dev/null\nif [ $? != 0 ] ; then\n    # print error to STDERR\n    echo \"error: The sandbox is not in sync with the Podfile.lock. Run 'pod install' or update your CocoaPods installation.\" >&2\n    exit 1\nfi\n";
			showEnvVarsInLog = 0;
		};
		BF0E81F3D11CC468344B5B21 /* [CP] Copy Pods Resources */ = {
			isa = PBXShellScriptBuildPhase;
			buildActionMask = 2147483647;
			files = (
			);
			inputPaths = (
			);
			name = "[CP] Copy Pods Resources";
			outputPaths = (
			);
			runOnlyForDeploymentPostprocessing = 0;
			shellPath = /bin/sh;
			shellScript = "\"${SRCROOT}/Pods/Target Support Files/Pods-PurchaseNoteUITests/Pods-PurchaseNoteUITests-resources.sh\"\n";
			showEnvVarsInLog = 0;
		};
		C8C1325446DDA3ADD3441AA5 /* [CP] Copy Pods Resources */ = {
			isa = PBXShellScriptBuildPhase;
			buildActionMask = 2147483647;
			files = (
			);
			inputPaths = (
			);
			name = "[CP] Copy Pods Resources";
			outputPaths = (
			);
			runOnlyForDeploymentPostprocessing = 0;
			shellPath = /bin/sh;
			shellScript = "\"${SRCROOT}/Pods/Target Support Files/Pods-PurchaseNote/Pods-PurchaseNote-resources.sh\"\n";
			showEnvVarsInLog = 0;
		};
/* End PBXShellScriptBuildPhase section */

/* Begin PBXSourcesBuildPhase section */
		D736905F1EA5DF29007C2127 /* Sources */ = {
			isa = PBXSourcesBuildPhase;
			buildActionMask = 2147483647;
			files = (
				7E33FD7E1EACC21F0021A48C /* Registration.swift in Sources */,
				D73690691EA5DF29007C2127 /* ViewController.swift in Sources */,
				D736906F1EA5DF29007C2127 /* PurchaseNote.xcdatamodeld in Sources */,
				D73690671EA5DF29007C2127 /* AppDelegate.swift in Sources */,
			);
			runOnlyForDeploymentPostprocessing = 0;
		};
		D73690761EA5DF29007C2127 /* Sources */ = {
			isa = PBXSourcesBuildPhase;
			buildActionMask = 2147483647;
			files = (
				D736907F1EA5DF29007C2127 /* PurchaseNoteTests.swift in Sources */,
			);
			runOnlyForDeploymentPostprocessing = 0;
		};
		D73690811EA5DF29007C2127 /* Sources */ = {
			isa = PBXSourcesBuildPhase;
			buildActionMask = 2147483647;
			files = (
				D736908A1EA5DF29007C2127 /* PurchaseNoteUITests.swift in Sources */,
			);
			runOnlyForDeploymentPostprocessing = 0;
		};
/* End PBXSourcesBuildPhase section */

/* Begin PBXTargetDependency section */
		D736907C1EA5DF29007C2127 /* PBXTargetDependency */ = {
			isa = PBXTargetDependency;
			target = D73690621EA5DF29007C2127 /* PurchaseNote */;
			targetProxy = D736907B1EA5DF29007C2127 /* PBXContainerItemProxy */;
		};
		D73690871EA5DF29007C2127 /* PBXTargetDependency */ = {
			isa = PBXTargetDependency;
			target = D73690621EA5DF29007C2127 /* PurchaseNote */;
			targetProxy = D73690861EA5DF29007C2127 /* PBXContainerItemProxy */;
		};
/* End PBXTargetDependency section */

/* Begin PBXVariantGroup section */
		D736906A1EA5DF29007C2127 /* Main.storyboard */ = {
			isa = PBXVariantGroup;
			children = (
				D736906B1EA5DF29007C2127 /* Base */,
			);
			name = Main.storyboard;
			sourceTree = "<group>";
		};
		D73690721EA5DF29007C2127 /* LaunchScreen.storyboard */ = {
			isa = PBXVariantGroup;
			children = (
				D73690731EA5DF29007C2127 /* Base */,
			);
			name = LaunchScreen.storyboard;
			sourceTree = "<group>";
		};
/* End PBXVariantGroup section */

/* Begin XCBuildConfiguration section */
		D736908C1EA5DF29007C2127 /* Debug */ = {
			isa = XCBuildConfiguration;
			buildSettings = {
				ALWAYS_SEARCH_USER_PATHS = NO;
				CLANG_ANALYZER_NONNULL = YES;
				CLANG_CXX_LANGUAGE_STANDARD = "gnu++0x";
				CLANG_CXX_LIBRARY = "libc++";
				CLANG_ENABLE_MODULES = YES;
				CLANG_ENABLE_OBJC_ARC = YES;
				CLANG_WARN_BOOL_CONVERSION = YES;
				CLANG_WARN_CONSTANT_CONVERSION = YES;
				CLANG_WARN_DIRECT_OBJC_ISA_USAGE = YES_ERROR;
				CLANG_WARN_DOCUMENTATION_COMMENTS = YES;
				CLANG_WARN_EMPTY_BODY = YES;
				CLANG_WARN_ENUM_CONVERSION = YES;
				CLANG_WARN_INFINITE_RECURSION = YES;
				CLANG_WARN_INT_CONVERSION = YES;
				CLANG_WARN_OBJC_ROOT_CLASS = YES_ERROR;
				CLANG_WARN_SUSPICIOUS_MOVE = YES;
				CLANG_WARN_UNREACHABLE_CODE = YES;
				CLANG_WARN__DUPLICATE_METHOD_MATCH = YES;
				"CODE_SIGN_IDENTITY[sdk=iphoneos*]" = "iPhone Developer";
				COPY_PHASE_STRIP = NO;
				DEBUG_INFORMATION_FORMAT = dwarf;
				ENABLE_STRICT_OBJC_MSGSEND = YES;
				ENABLE_TESTABILITY = YES;
				GCC_C_LANGUAGE_STANDARD = gnu99;
				GCC_DYNAMIC_NO_PIC = NO;
				GCC_NO_COMMON_BLOCKS = YES;
				GCC_OPTIMIZATION_LEVEL = 0;
				GCC_PREPROCESSOR_DEFINITIONS = (
					"DEBUG=1",
					"$(inherited)",
				);
				GCC_WARN_64_TO_32_BIT_CONVERSION = YES;
				GCC_WARN_ABOUT_RETURN_TYPE = YES_ERROR;
				GCC_WARN_UNDECLARED_SELECTOR = YES;
				GCC_WARN_UNINITIALIZED_AUTOS = YES_AGGRESSIVE;
				GCC_WARN_UNUSED_FUNCTION = YES;
				GCC_WARN_UNUSED_VARIABLE = YES;
				IPHONEOS_DEPLOYMENT_TARGET = 10.2;
				MTL_ENABLE_DEBUG_INFO = YES;
				ONLY_ACTIVE_ARCH = YES;
				SDKROOT = iphoneos;
				SWIFT_ACTIVE_COMPILATION_CONDITIONS = DEBUG;
				SWIFT_OPTIMIZATION_LEVEL = "-Onone";
				TARGETED_DEVICE_FAMILY = "1,2";
			};
			name = Debug;
		};
		D736908D1EA5DF29007C2127 /* Release */ = {
			isa = XCBuildConfiguration;
			buildSettings = {
				ALWAYS_SEARCH_USER_PATHS = NO;
				CLANG_ANALYZER_NONNULL = YES;
				CLANG_CXX_LANGUAGE_STANDARD = "gnu++0x";
				CLANG_CXX_LIBRARY = "libc++";
				CLANG_ENABLE_MODULES = YES;
				CLANG_ENABLE_OBJC_ARC = YES;
				CLANG_WARN_BOOL_CONVERSION = YES;
				CLANG_WARN_CONSTANT_CONVERSION = YES;
				CLANG_WARN_DIRECT_OBJC_ISA_USAGE = YES_ERROR;
				CLANG_WARN_DOCUMENTATION_COMMENTS = YES;
				CLANG_WARN_EMPTY_BODY = YES;
				CLANG_WARN_ENUM_CONVERSION = YES;
				CLANG_WARN_INFINITE_RECURSION = YES;
				CLANG_WARN_INT_CONVERSION = YES;
				CLANG_WARN_OBJC_ROOT_CLASS = YES_ERROR;
				CLANG_WARN_SUSPICIOUS_MOVE = YES;
				CLANG_WARN_UNREACHABLE_CODE = YES;
				CLANG_WARN__DUPLICATE_METHOD_MATCH = YES;
				"CODE_SIGN_IDENTITY[sdk=iphoneos*]" = "iPhone Developer";
				COPY_PHASE_STRIP = NO;
				DEBUG_INFORMATION_FORMAT = "dwarf-with-dsym";
				ENABLE_NS_ASSERTIONS = NO;
				ENABLE_STRICT_OBJC_MSGSEND = YES;
				GCC_C_LANGUAGE_STANDARD = gnu99;
				GCC_NO_COMMON_BLOCKS = YES;
				GCC_WARN_64_TO_32_BIT_CONVERSION = YES;
				GCC_WARN_ABOUT_RETURN_TYPE = YES_ERROR;
				GCC_WARN_UNDECLARED_SELECTOR = YES;
				GCC_WARN_UNINITIALIZED_AUTOS = YES_AGGRESSIVE;
				GCC_WARN_UNUSED_FUNCTION = YES;
				GCC_WARN_UNUSED_VARIABLE = YES;
				IPHONEOS_DEPLOYMENT_TARGET = 10.2;
				MTL_ENABLE_DEBUG_INFO = NO;
				SDKROOT = iphoneos;
				SWIFT_OPTIMIZATION_LEVEL = "-Owholemodule";
				TARGETED_DEVICE_FAMILY = "1,2";
				VALIDATE_PRODUCT = YES;
			};
			name = Release;
		};
		D736908F1EA5DF29007C2127 /* Debug */ = {
			isa = XCBuildConfiguration;
			baseConfigurationReference = 7BB91E781CDD57BDB5CD0A2D /* Pods-PurchaseNote.debug.xcconfig */;
			buildSettings = {
				ASSETCATALOG_COMPILER_APPICON_NAME = AppIcon;
				DEVELOPMENT_TEAM = S36L8PTJAV;
				INFOPLIST_FILE = PurchaseNote/Info.plist;
				LD_RUNPATH_SEARCH_PATHS = "$(inherited) @executable_path/Frameworks";
				PRODUCT_BUNDLE_IDENTIFIER = merlappletech.com.PurchaseNote;
				PRODUCT_NAME = "$(TARGET_NAME)";
				SWIFT_VERSION = 3.0;
			};
			name = Debug;
		};
		D73690901EA5DF29007C2127 /* Release */ = {
			isa = XCBuildConfiguration;
			baseConfigurationReference = 3683196946DD354AA8E02C6B /* Pods-PurchaseNote.release.xcconfig */;
			buildSettings = {
				ASSETCATALOG_COMPILER_APPICON_NAME = AppIcon;
				DEVELOPMENT_TEAM = S36L8PTJAV;
				INFOPLIST_FILE = PurchaseNote/Info.plist;
				LD_RUNPATH_SEARCH_PATHS = "$(inherited) @executable_path/Frameworks";
				PRODUCT_BUNDLE_IDENTIFIER = merlappletech.com.PurchaseNote;
				PRODUCT_NAME = "$(TARGET_NAME)";
				SWIFT_VERSION = 3.0;
			};
			name = Release;
		};
		D73690921EA5DF29007C2127 /* Debug */ = {
			isa = XCBuildConfiguration;
			baseConfigurationReference = 042846734B71C36D4E8D4C10 /* Pods-PurchaseNoteTests.debug.xcconfig */;
			buildSettings = {
				ALWAYS_EMBED_SWIFT_STANDARD_LIBRARIES = YES;
				BUNDLE_LOADER = "$(TEST_HOST)";
				DEVELOPMENT_TEAM = S36L8PTJAV;
				INFOPLIST_FILE = PurchaseNoteTests/Info.plist;
				LD_RUNPATH_SEARCH_PATHS = "$(inherited) @executable_path/Frameworks @loader_path/Frameworks";
				PRODUCT_BUNDLE_IDENTIFIER = "rajeshpeter-gmail.com.PurchaseNoteTests";
				PRODUCT_NAME = "$(TARGET_NAME)";
				SWIFT_VERSION = 3.0;
				TEST_HOST = "$(BUILT_PRODUCTS_DIR)/PurchaseNote.app/PurchaseNote";
			};
			name = Debug;
		};
		D73690931EA5DF29007C2127 /* Release */ = {
			isa = XCBuildConfiguration;
			baseConfigurationReference = B341086C377FF01D51E650C9 /* Pods-PurchaseNoteTests.release.xcconfig */;
			buildSettings = {
				ALWAYS_EMBED_SWIFT_STANDARD_LIBRARIES = YES;
				BUNDLE_LOADER = "$(TEST_HOST)";
				DEVELOPMENT_TEAM = S36L8PTJAV;
				INFOPLIST_FILE = PurchaseNoteTests/Info.plist;
				LD_RUNPATH_SEARCH_PATHS = "$(inherited) @executable_path/Frameworks @loader_path/Frameworks";
				PRODUCT_BUNDLE_IDENTIFIER = "rajeshpeter-gmail.com.PurchaseNoteTests";
				PRODUCT_NAME = "$(TARGET_NAME)";
				SWIFT_VERSION = 3.0;
				TEST_HOST = "$(BUILT_PRODUCTS_DIR)/PurchaseNote.app/PurchaseNote";
			};
			name = Release;
		};
		D73690951EA5DF29007C2127 /* Debug */ = {
			isa = XCBuildConfiguration;
			baseConfigurationReference = 5EFD292B0825FC71B8645F40 /* Pods-PurchaseNoteUITests.debug.xcconfig */;
			buildSettings = {
				ALWAYS_EMBED_SWIFT_STANDARD_LIBRARIES = YES;
				DEVELOPMENT_TEAM = S36L8PTJAV;
				INFOPLIST_FILE = PurchaseNoteUITests/Info.plist;
				LD_RUNPATH_SEARCH_PATHS = "$(inherited) @executable_path/Frameworks @loader_path/Frameworks";
				PRODUCT_BUNDLE_IDENTIFIER = "rajeshpeter-gmail.com.PurchaseNoteUITests";
				PRODUCT_NAME = "$(TARGET_NAME)";
				SWIFT_VERSION = 3.0;
				TEST_TARGET_NAME = PurchaseNote;
			};
			name = Debug;
		};
		D73690961EA5DF29007C2127 /* Release */ = {
			isa = XCBuildConfiguration;
			baseConfigurationReference = 6D6B43C3D38E74C896C191C9 /* Pods-PurchaseNoteUITests.release.xcconfig */;
			buildSettings = {
				ALWAYS_EMBED_SWIFT_STANDARD_LIBRARIES = YES;
				DEVELOPMENT_TEAM = S36L8PTJAV;
				INFOPLIST_FILE = PurchaseNoteUITests/Info.plist;
				LD_RUNPATH_SEARCH_PATHS = "$(inherited) @executable_path/Frameworks @loader_path/Frameworks";
				PRODUCT_BUNDLE_IDENTIFIER = "rajeshpeter-gmail.com.PurchaseNoteUITests";
				PRODUCT_NAME = "$(TARGET_NAME)";
				SWIFT_VERSION = 3.0;
				TEST_TARGET_NAME = PurchaseNote;
			};
			name = Release;
		};
/* End XCBuildConfiguration section */

/* Begin XCConfigurationList section */
		D736905E1EA5DF29007C2127 /* Build configuration list for PBXProject "PurchaseNote" */ = {
			isa = XCConfigurationList;
			buildConfigurations = (
				D736908C1EA5DF29007C2127 /* Debug */,
				D736908D1EA5DF29007C2127 /* Release */,
			);
			defaultConfigurationIsVisible = 0;
			defaultConfigurationName = Release;
		};
		D736908E1EA5DF29007C2127 /* Build configuration list for PBXNativeTarget "PurchaseNote" */ = {
			isa = XCConfigurationList;
			buildConfigurations = (
				D736908F1EA5DF29007C2127 /* Debug */,
				D73690901EA5DF29007C2127 /* Release */,
			);
			defaultConfigurationIsVisible = 0;
			defaultConfigurationName = Release;
		};
		D73690911EA5DF29007C2127 /* Build configuration list for PBXNativeTarget "PurchaseNoteTests" */ = {
			isa = XCConfigurationList;
			buildConfigurations = (
				D73690921EA5DF29007C2127 /* Debug */,
				D73690931EA5DF29007C2127 /* Release */,
			);
			defaultConfigurationIsVisible = 0;
			defaultConfigurationName = Release;
		};
		D73690941EA5DF29007C2127 /* Build configuration list for PBXNativeTarget "PurchaseNoteUITests" */ = {
			isa = XCConfigurationList;
			buildConfigurations = (
				D73690951EA5DF29007C2127 /* Debug */,
				D73690961EA5DF29007C2127 /* Release */,
			);
			defaultConfigurationIsVisible = 0;
			defaultConfigurationName = Release;
		};
/* End XCConfigurationList section */

/* Begin XCVersionGroup section */
		D736906D1EA5DF29007C2127 /* PurchaseNote.xcdatamodeld */ = {
			isa = XCVersionGroup;
			children = (
				D736906E1EA5DF29007C2127 /* PurchaseNote.xcdatamodel */,
			);
			currentVersion = D736906E1EA5DF29007C2127 /* PurchaseNote.xcdatamodel */;
			path = PurchaseNote.xcdatamodeld;
			sourceTree = "<group>";
			versionGroupType = wrapper.xcdatamodel;
		};
/* End XCVersionGroup section */
	};
	rootObject = D736905B1EA5DF29007C2127 /* Project object */;
}
